lockfileVersion: '6.0'

settings:
  autoInstallPeers: true
  excludeLinksFromLockfile: false

dependencies:
  chrome-types:
    specifier: ^0.1.246
    version: 0.1.246

packages:

  /chrome-types@0.1.246:
    resolution: {integrity: sha512-nX4M3ISvRnx/Dt3fdfTjLQaCiWwKoVUc+eaEjmURTR+47YJ5E82MQozFOsqV/U4QG+4+hNHdAwj53NtBGOitUw==}
    dev: false
